
Microsoft Visual Studio Solution File, Format Version 12.00
# Visual Studio 15
VisualStudioVersion = 15.0.27130.2036
MinimumVisualStudioVersion = 10.0.40219.1
Project("{FAE04EC0-301F-11D3-BF4B-00C04F79EFBC}") = "WpfApp1", "WpfApp1\WpfApp1.csproj", "{ED89D91E-93E2-40E7-B6D4-686F8C137720}"
EndProject
Global
	GlobalSection(SolutionConfigurationPlatforms) = preSolution
		Debug|Any CPU = Debug|Any CPU
		Release|Any CPU = Release|Any CPU
	EndGlobalSection
	GlobalSection(ProjectConfigurationPlatforms) = postSolution
		{ED89D91E-93E2-40E7-B6D4-686F8C137720}.Debug|Any CPU.ActiveCfg = Debug|Any CPU
		{ED89D91E-93E2-40E7-B6D4-686F8C137720}.Debug|Any CPU.Build.0 = Debug|Any CPU
		{ED89D91E-93E2-40E7-B6D4-686F8C137720}.Release|Any CPU.ActiveCfg = Release|Any CPU
		{ED89D91E-93E2-40E7-B6D4-686F8C137720}.Release|Any CPU.Build.0 = Release|Any CPU
	EndGlobalSection
	GlobalSection(SolutionProperties) = preSolution
		HideSolutionNode = FALSE
	EndGlobalSection
	GlobalSection(ExtensibilityGlobals) = postSolution
		SolutionGuid = {8944F14D-1436-4988-B8A3-5D3DC2DA7A73}
	EndGlobalSection
EndGlobal
